
Microsoft Visual Studio Solution File, Format Version 12.00
# Visual Studio Version 17
VisualStudioVersion = 17.1.32407.343
MinimumVisualStudioVersion = 10.0.40219.1
Project("{9A19103F-16F7-4668-BE54-9A1E7A4F7556}") = "KampIntro", "KampIntro\KampIntro.csproj", "{574603C6-659A-4DC1-99F3-C2DB2468EB5E}"
EndProject
Project("{9A19103F-16F7-4668-BE54-9A1E7A4F7556}") = "Donguler", "Donguler\Donguler.csproj", "{F6327CD5-BE1D-4ED4-9DDB-04104EE4B8E0}"
EndProject
Project("{9A19103F-16F7-4668-BE54-9A1E7A4F7556}") = "ClassIntro", "ClassIntro\ClassIntro.csproj", "{8ACB57DE-8C40-4CFA-A84E-ADB9282D71F7}"
EndProject
Project("{9A19103F-16F7-4668-BE54-9A1E7A4F7556}") = "Metotlar", "Metotlar\Metotlar.csproj", "{4D1D02F7-A37F-49AD-B57F-CFBAFF04E04E}"
EndProject
Project("{9A19103F-16F7-4668-BE54-9A1E7A4F7556}") = "Matematik", "Matematik\Matematik.csproj", "{4346D231-3CC6-4BA4-9C5F-7E1A7205BD59}"
EndProject
Project("{9A19103F-16F7-4668-BE54-9A1E7A4F7556}") = "DegerVeReferansTipler", "DegerVeReferansTipler\DegerVeReferansTipler.csproj", "{019AE580-3024-476D-B1BC-71B9463EA682}"
EndProject
Global
	GlobalSection(SolutionConfigurationPlatforms) = preSolution
		Debug|Any CPU = Debug|Any CPU
		Release|Any CPU = Release|Any CPU
	EndGlobalSection
	GlobalSection(ProjectConfigurationPlatforms) = postSolution
		{574603C6-659A-4DC1-99F3-C2DB2468EB5E}.Debug|Any CPU.ActiveCfg = Debug|Any CPU
		{574603C6-659A-4DC1-99F3-C2DB2468EB5E}.Debug|Any CPU.Build.0 = Debug|Any CPU
		{574603C6-659A-4DC1-99F3-C2DB2468EB5E}.Release|Any CPU.ActiveCfg = Release|Any CPU
		{574603C6-659A-4DC1-99F3-C2DB2468EB5E}.Release|Any CPU.Build.0 = Release|Any CPU
		{F6327CD5-BE1D-4ED4-9DDB-04104EE4B8E0}.Debug|Any CPU.ActiveCfg = Debug|Any CPU
		{F6327CD5-BE1D-4ED4-9DDB-04104EE4B8E0}.Debug|Any CPU.Build.0 = Debug|Any CPU
		{F6327CD5-BE1D-4ED4-9DDB-04104EE4B8E0}.Release|Any CPU.ActiveCfg = Release|Any CPU
		{F6327CD5-BE1D-4ED4-9DDB-04104EE4B8E0}.Release|Any CPU.Build.0 = Release|Any CPU
		{8ACB57DE-8C40-4CFA-A84E-ADB9282D71F7}.Debug|Any CPU.ActiveCfg = Debug|Any CPU
		{8ACB57DE-8C40-4CFA-A84E-ADB9282D71F7}.Debug|Any CPU.Build.0 = Debug|Any CPU
		{8ACB57DE-8C40-4CFA-A84E-ADB9282D71F7}.Release|Any CPU.ActiveCfg = Release|Any CPU
		{8ACB57DE-8C40-4CFA-A84E-ADB9282D71F7}.Release|Any CPU.Build.0 = Release|Any CPU
		{4D1D02F7-A37F-49AD-B57F-CFBAFF04E04E}.Debug|Any CPU.ActiveCfg = Debug|Any CPU
		{4D1D02F7-A37F-49AD-B57F-CFBAFF04E04E}.Debug|Any CPU.Build.0 = Debug|Any CPU
		{4D1D02F7-A37F-49AD-B57F-CFBAFF04E04E}.Release|Any CPU.ActiveCfg = Release|Any CPU
		{4D1D02F7-A37F-49AD-B57F-CFBAFF04E04E}.Release|Any CPU.Build.0 = Release|Any CPU
		{4346D231-3CC6-4BA4-9C5F-7E1A7205BD59}.Debug|Any CPU.ActiveCfg = Debug|Any CPU
		{4346D231-3CC6-4BA4-9C5F-7E1A7205BD59}.Debug|Any CPU.Build.0 = Debug|Any CPU
		{4346D231-3CC6-4BA4-9C5F-7E1A7205BD59}.Release|Any CPU.ActiveCfg = Release|Any CPU
		{4346D231-3CC6-4BA4-9C5F-7E1A7205BD59}.Release|Any CPU.Build.0 = Release|Any CPU
		{019AE580-3024-476D-B1BC-71B9463EA682}.Debug|Any CPU.ActiveCfg = Debug|Any CPU
		{019AE580-3024-476D-B1BC-71B9463EA682}.Debug|Any CPU.Build.0 = Debug|Any CPU
		{019AE580-3024-476D-B1BC-71B9463EA682}.Release|Any CPU.ActiveCfg = Release|Any CPU
		{019AE580-3024-476D-B1BC-71B9463EA682}.Release|Any CPU.Build.0 = Release|Any CPU
	EndGlobalSection
	GlobalSection(SolutionProperties) = preSolution
		HideSolutionNode = FALSE
	EndGlobalSection
	GlobalSection(ExtensibilityGlobals) = postSolution
		SolutionGuid = {03DE7926-3096-450E-A450-E1E4987FA97F}
	EndGlobalSection
EndGlobal
